
Microsoft Visual Studio Solution File, Format Version 12.00
# Visual Studio Version 17
VisualStudioVersion = 17.0.31903.59
MinimumVisualStudioVersion = 10.0.40219.1
Project("{2150E333-8FDC-42A3-9474-1A3956D46DE8}") = "src", "src", "{F8040645-9A88-4266-9E1D-CC7C27DA98F5}"
EndProject
Project("{FAE04EC0-301F-11D3-BF4B-00C04F79EFBC}") = "MediaMtx.Net.HttpApi", "src\MediaMtx.Net.HttpApi\MediaMtx.Net.HttpApi.csproj", "{A377AD9B-699F-4CD9-9DF3-1DED0D990D09}"
EndProject
Project("{2150E333-8FDC-42A3-9474-1A3956D46DE8}") = "tests", "tests", "{14623EAF-9B9F-42D1-ABD7-997CB6364EEF}"
EndProject
Project("{2150E333-8FDC-42A3-9474-1A3956D46DE8}") = "Unit", "Unit", "{9FD0688C-6C34-4B4C-B260-80E1AEC672B3}"
EndProject
Project("{FAE04EC0-301F-11D3-BF4B-00C04F79EFBC}") = "MediaMtx.Net.HttpApi.Tests", "tests\Unit\MediaMtx.Net.HttpApi.Tests\MediaMtx.Net.HttpApi.Tests.csproj", "{810FB45F-FFF1-4F4C-BCCC-0C8994046514}"
EndProject
Project("{2150E333-8FDC-42A3-9474-1A3956D46DE8}") = "MediaMtx.Net.Protocols", "MediaMtx.Net.Protocols", "{D33A853C-B60C-43E0-939D-EA7C1FFCF483}"
EndProject
Project("{FAE04EC0-301F-11D3-BF4B-00C04F79EFBC}") = "MediaMtx.Net.Rtsp", "src\MediaMtx.Net.Protocols\Rtsp\MediaMtx.Net.Rtsp.csproj", "{48E6036E-CCDF-4920-A8A3-0773850B459A}"
EndProject
Project("{FAE04EC0-301F-11D3-BF4B-00C04F79EFBC}") = "MediaMtx.Net.Rtsp.Tests", "tests\Unit\MediaMtx.Net.Rtsp.Tests\MediaMtx.Net.Rtsp.Tests.csproj", "{9FA54F6F-A580-48CD-9C88-39A65F3F89A1}"
EndProject
Global
	GlobalSection(SolutionConfigurationPlatforms) = preSolution
		Debug|Any CPU = Debug|Any CPU
		Release|Any CPU = Release|Any CPU
	EndGlobalSection
	GlobalSection(SolutionProperties) = preSolution
		HideSolutionNode = FALSE
	EndGlobalSection
	GlobalSection(ProjectConfigurationPlatforms) = postSolution
		{A377AD9B-699F-4CD9-9DF3-1DED0D990D09}.Debug|Any CPU.ActiveCfg = Debug|Any CPU
		{A377AD9B-699F-4CD9-9DF3-1DED0D990D09}.Debug|Any CPU.Build.0 = Debug|Any CPU
		{A377AD9B-699F-4CD9-9DF3-1DED0D990D09}.Release|Any CPU.ActiveCfg = Release|Any CPU
		{A377AD9B-699F-4CD9-9DF3-1DED0D990D09}.Release|Any CPU.Build.0 = Release|Any CPU
		{810FB45F-FFF1-4F4C-BCCC-0C8994046514}.Debug|Any CPU.ActiveCfg = Debug|Any CPU
		{810FB45F-FFF1-4F4C-BCCC-0C8994046514}.Debug|Any CPU.Build.0 = Debug|Any CPU
		{810FB45F-FFF1-4F4C-BCCC-0C8994046514}.Release|Any CPU.ActiveCfg = Release|Any CPU
		{810FB45F-FFF1-4F4C-BCCC-0C8994046514}.Release|Any CPU.Build.0 = Release|Any CPU
		{48E6036E-CCDF-4920-A8A3-0773850B459A}.Debug|Any CPU.ActiveCfg = Debug|Any CPU
		{48E6036E-CCDF-4920-A8A3-0773850B459A}.Debug|Any CPU.Build.0 = Debug|Any CPU
		{48E6036E-CCDF-4920-A8A3-0773850B459A}.Release|Any CPU.ActiveCfg = Release|Any CPU
		{48E6036E-CCDF-4920-A8A3-0773850B459A}.Release|Any CPU.Build.0 = Release|Any CPU
		{9FA54F6F-A580-48CD-9C88-39A65F3F89A1}.Debug|Any CPU.ActiveCfg = Debug|Any CPU
		{9FA54F6F-A580-48CD-9C88-39A65F3F89A1}.Debug|Any CPU.Build.0 = Debug|Any CPU
		{9FA54F6F-A580-48CD-9C88-39A65F3F89A1}.Release|Any CPU.ActiveCfg = Release|Any CPU
		{9FA54F6F-A580-48CD-9C88-39A65F3F89A1}.Release|Any CPU.Build.0 = Release|Any CPU
	EndGlobalSection
	GlobalSection(NestedProjects) = preSolution
		{A377AD9B-699F-4CD9-9DF3-1DED0D990D09} = {F8040645-9A88-4266-9E1D-CC7C27DA98F5}
		{9FD0688C-6C34-4B4C-B260-80E1AEC672B3} = {14623EAF-9B9F-42D1-ABD7-997CB6364EEF}
		{810FB45F-FFF1-4F4C-BCCC-0C8994046514} = {9FD0688C-6C34-4B4C-B260-80E1AEC672B3}
		{D33A853C-B60C-43E0-939D-EA7C1FFCF483} = {F8040645-9A88-4266-9E1D-CC7C27DA98F5}
		{48E6036E-CCDF-4920-A8A3-0773850B459A} = {D33A853C-B60C-43E0-939D-EA7C1FFCF483}
		{9FA54F6F-A580-48CD-9C88-39A65F3F89A1} = {9FD0688C-6C34-4B4C-B260-80E1AEC672B3}
	EndGlobalSection
EndGlobal
